
Microsoft Visual Studio Solution File, Format Version 12.00
# Visual Studio Version 17
VisualStudioVersion = 17.5.33530.505
MinimumVisualStudioVersion = 10.0.40219.1
Project("{FAE04EC0-301F-11D3-BF4B-00C04F79EFBC}") = "Algorithms", "Algorithms.csproj", "{80F8939D-C5B2-4FF6-B850-087B5ED507D9}"
EndProject
Global
	GlobalSection(SolutionConfigurationPlatforms) = preSolution
		Debug|Any CPU = Debug|Any CPU
		Release|Any CPU = Release|Any CPU
	EndGlobalSection
	GlobalSection(ProjectConfigurationPlatforms) = postSolution
		{80F8939D-C5B2-4FF6-B850-087B5ED507D9}.Debug|Any CPU.ActiveCfg = Debug|Any CPU
		{80F8939D-C5B2-4FF6-B850-087B5ED507D9}.Debug|Any CPU.Build.0 = Debug|Any CPU
		{80F8939D-C5B2-4FF6-B850-087B5ED507D9}.Release|Any CPU.ActiveCfg = Release|Any CPU
		{80F8939D-C5B2-4FF6-B850-087B5ED507D9}.Release|Any CPU.Build.0 = Release|Any CPU
	EndGlobalSection
	GlobalSection(SolutionProperties) = preSolution
		HideSolutionNode = FALSE
	EndGlobalSection
	GlobalSection(ExtensibilityGlobals) = postSolution
		SolutionGuid = {532F7164-5455-4603-8B8E-DDEE8AAAEDBE}
	EndGlobalSection
EndGlobal
